
Microsoft Visual Studio Solution File, Format Version 12.00
# Visual Studio Version 16
VisualStudioVersion = 16.0.34407.143
MinimumVisualStudioVersion = 10.0.40219.1
Project("{FAE04EC0-301F-11D3-BF4B-00C04F79EFBC}") = "CarrerHubJobTheJobBoard", "CarrerHubJobTheJobBoard\CarrerHubJobTheJobBoard.csproj", "{B1EC3232-8B88-46C2-ACA7-92B2CE2B5A48}"
EndProject
Global
	GlobalSection(SolutionConfigurationPlatforms) = preSolution
		Debug|Any CPU = Debug|Any CPU
		Release|Any CPU = Release|Any CPU
	EndGlobalSection
	GlobalSection(ProjectConfigurationPlatforms) = postSolution
		{B1EC3232-8B88-46C2-ACA7-92B2CE2B5A48}.Debug|Any CPU.ActiveCfg = Debug|Any CPU
		{B1EC3232-8B88-46C2-ACA7-92B2CE2B5A48}.Debug|Any CPU.Build.0 = Debug|Any CPU
		{B1EC3232-8B88-46C2-ACA7-92B2CE2B5A48}.Release|Any CPU.ActiveCfg = Release|Any CPU
		{B1EC3232-8B88-46C2-ACA7-92B2CE2B5A48}.Release|Any CPU.Build.0 = Release|Any CPU
	EndGlobalSection
	GlobalSection(SolutionProperties) = preSolution
		HideSolutionNode = FALSE
	EndGlobalSection
	GlobalSection(ExtensibilityGlobals) = postSolution
		SolutionGuid = {3DE0451C-9644-4EEC-B4C3-12DB79D3EC98}
	EndGlobalSection
EndGlobal
